Microsoft Visual Studio Solution File, Format Version 12.00
# Visual Studio 15
VisualStudioVersion = 15.0.26228.9
MinimumVisualStudioVersion = 10.0.40219.1
Project("{2150E333-8FDC-42A3-9474-1A3956D46DE8}") = "project", "project", "{BF60BC93-E09B-4E5F-9D85-95A519479D54}"
	ProjectSection(SolutionItems) = preProject
		appveyor.yml = appveyor.yml
		build.cake = build.cake
		build.ps1 = build.ps1
		build.sh = build.sh
		GitVersion.yml = GitVersion.yml
		LICENSE.de.txt = LICENSE.de.txt
		LICENSE.txt = LICENSE.txt
		README.md = README.md
		RELEASE_NOTES.md = RELEASE_NOTES.md
	EndProjectSection
EndProject
Project("{2150E333-8FDC-42A3-9474-1A3956D46DE8}") = "tests", "tests", "{ED8079DD-2B06-4030-9F0F-DC548F98E1C4}"
EndProject
Project("{2150E333-8FDC-42A3-9474-1A3956D46DE8}") = "src", "src", "{07A84B82-8A56-40D1-9347-04729DF17150}"
EndProject
Project("{FAE04EC0-301F-11D3-BF4B-00C04F79EFBC}") = "Detector", "src\Detector\Detector.csproj", "{6AFCB6E5-AD07-486D-8026-E923DFB89B6F}"
EndProject
Project("{FAE04EC0-301F-11D3-BF4B-00C04F79EFBC}") = "Detector.Tests", "tests\Detector.Tests\Detector.Tests.csproj", "{8E362317-4E12-4C9D-AE89-F6988E3B6A97}"
EndProject
Project("{FAE04EC0-301F-11D3-BF4B-00C04F79EFBC}") = "Detector.Example.Tests", "tests\Detector.Example.Tests\Detector.Example.Tests.csproj", "{F97A84A4-7632-4025-B12E-3028B5C93E22}"
EndProject
Project("{FAE04EC0-301F-11D3-BF4B-00C04F79EFBC}") = "Detector.Example", "src\Detector.Example\Detector.Example.csproj", "{1F6C3516-EC68-4C30-BC36-9DB2361B182A}"
EndProject
Project("{D954291E-2A0B-460D-934E-DC6B0785DB48}") = "Detector.Share", "src\Detector.Share\Detector.Share.shproj", "{A07EA741-3BF5-456C-B511-B9B62A0D01B7}"
EndProject
Project("{FAE04EC0-301F-11D3-BF4B-00C04F79EFBC}") = "Detector.PCL", "src\Detector.PCL\Detector.PCL.csproj", "{BE4D9485-E8D8-4E76-A0DB-24CD18A3B65F}"
EndProject
Project("{FAE04EC0-301F-11D3-BF4B-00C04F79EFBC}") = "Detector.NetStandard", "src\Detector.NetStandard\Detector.NetStandard.csproj", "{1B5822AB-89C6-4AAC-99C7-CD99E3D08A3F}"
EndProject
Global
	GlobalSection(SharedMSBuildProjectFiles) = preSolution
		src\Detector.Share\Detector.Share.projitems*{6afcb6e5-ad07-486d-8026-e923dfb89b6f}*SharedItemsImports = 4
		src\Detector.Share\Detector.Share.projitems*{a07ea741-3bf5-456c-b511-b9b62a0d01b7}*SharedItemsImports = 13
		src\Detector.Share\Detector.Share.projitems*{be4d9485-e8d8-4e76-a0db-24cd18a3b65f}*SharedItemsImports = 4
	EndGlobalSection
	GlobalSection(SolutionConfigurationPlatforms) = preSolution
		Debug|Any CPU = Debug|Any CPU
		Release|Any CPU = Release|Any CPU
	EndGlobalSection
	GlobalSection(ProjectConfigurationPlatforms) = postSolution
		{6AFCB6E5-AD07-486D-8026-E923DFB89B6F}.Debug|Any CPU.ActiveCfg = Debug|Any CPU
		{6AFCB6E5-AD07-486D-8026-E923DFB89B6F}.Debug|Any CPU.Build.0 = Debug|Any CPU
		{6AFCB6E5-AD07-486D-8026-E923DFB89B6F}.Release|Any CPU.ActiveCfg = Release|Any CPU
		{6AFCB6E5-AD07-486D-8026-E923DFB89B6F}.Release|Any CPU.Build.0 = Release|Any CPU
		{8E362317-4E12-4C9D-AE89-F6988E3B6A97}.Debug|Any CPU.ActiveCfg = Debug|Any CPU
		{8E362317-4E12-4C9D-AE89-F6988E3B6A97}.Debug|Any CPU.Build.0 = Debug|Any CPU
		{8E362317-4E12-4C9D-AE89-F6988E3B6A97}.Release|Any CPU.ActiveCfg = Release|Any CPU
		{8E362317-4E12-4C9D-AE89-F6988E3B6A97}.Release|Any CPU.Build.0 = Release|Any CPU
		{F97A84A4-7632-4025-B12E-3028B5C93E22}.Debug|Any CPU.ActiveCfg = Debug|Any CPU
		{F97A84A4-7632-4025-B12E-3028B5C93E22}.Debug|Any CPU.Build.0 = Debug|Any CPU
		{F97A84A4-7632-4025-B12E-3028B5C93E22}.Release|Any CPU.ActiveCfg = Release|Any CPU
		{F97A84A4-7632-4025-B12E-3028B5C93E22}.Release|Any CPU.Build.0 = Release|Any CPU
		{1F6C3516-EC68-4C30-BC36-9DB2361B182A}.Debug|Any CPU.ActiveCfg = Debug|Any CPU
		{1F6C3516-EC68-4C30-BC36-9DB2361B182A}.Debug|Any CPU.Build.0 = Debug|Any CPU
		{1F6C3516-EC68-4C30-BC36-9DB2361B182A}.Release|Any CPU.ActiveCfg = Release|Any CPU
		{1F6C3516-EC68-4C30-BC36-9DB2361B182A}.Release|Any CPU.Build.0 = Release|Any CPU
		{BE4D9485-E8D8-4E76-A0DB-24CD18A3B65F}.Debug|Any CPU.ActiveCfg = Debug|Any CPU
		{BE4D9485-E8D8-4E76-A0DB-24CD18A3B65F}.Debug|Any CPU.Build.0 = Debug|Any CPU
		{BE4D9485-E8D8-4E76-A0DB-24CD18A3B65F}.Release|Any CPU.ActiveCfg = Release|Any CPU
		{BE4D9485-E8D8-4E76-A0DB-24CD18A3B65F}.Release|Any CPU.Build.0 = Release|Any CPU
		{1B5822AB-89C6-4AAC-99C7-CD99E3D08A3F}.Debug|Any CPU.ActiveCfg = Debug|Any CPU
		{1B5822AB-89C6-4AAC-99C7-CD99E3D08A3F}.Debug|Any CPU.Build.0 = Debug|Any CPU
		{1B5822AB-89C6-4AAC-99C7-CD99E3D08A3F}.Release|Any CPU.ActiveCfg = Release|Any CPU
		{1B5822AB-89C6-4AAC-99C7-CD99E3D08A3F}.Release|Any CPU.Build.0 = Release|Any CPU
	EndGlobalSection
	GlobalSection(SolutionProperties) = preSolution
		HideSolutionNode = FALSE
	EndGlobalSection
	GlobalSection(NestedProjects) = preSolution
		{6AFCB6E5-AD07-486D-8026-E923DFB89B6F} = {07A84B82-8A56-40D1-9347-04729DF17150}
		{8E362317-4E12-4C9D-AE89-F6988E3B6A97} = {ED8079DD-2B06-4030-9F0F-DC548F98E1C4}
		{F97A84A4-7632-4025-B12E-3028B5C93E22} = {ED8079DD-2B06-4030-9F0F-DC548F98E1C4}
		{1F6C3516-EC68-4C30-BC36-9DB2361B182A} = {07A84B82-8A56-40D1-9347-04729DF17150}
		{A07EA741-3BF5-456C-B511-B9B62A0D01B7} = {07A84B82-8A56-40D1-9347-04729DF17150}
		{BE4D9485-E8D8-4E76-A0DB-24CD18A3B65F} = {07A84B82-8A56-40D1-9347-04729DF17150}
		{1B5822AB-89C6-4AAC-99C7-CD99E3D08A3F} = {07A84B82-8A56-40D1-9347-04729DF17150}
	EndGlobalSection
EndGlobal
